
Microsoft Visual Studio Solution File, Format Version 12.00
Project("{FAE04EC0-301F-11D3-BF4B-00C04F79EFBC}") = "AbstractFactory", "AbstractFactory\AbstractFactory.csproj", "{76350573-88A4-4F55-BB1C-F16ADBDBED3A}"
EndProject
Project("{FAE04EC0-301F-11D3-BF4B-00C04F79EFBC}") = "Builder", "Builder\Builder.csproj", "{A5347A36-B6EF-4627-8146-7F0F15D274DE}"
EndProject
Project("{FAE04EC0-301F-11D3-BF4B-00C04F79EFBC}") = "FactoryMethod", "FactoryMethod\FactoryMethod.csproj", "{3805A270-5311-4753-9B86-65E481960479}"
EndProject
Project("{FAE04EC0-301F-11D3-BF4B-00C04F79EFBC}") = "Adapter", "Adapter\Adapter.csproj", "{826F6532-C9B4-4B20-A6F8-03745A72CE33}"
EndProject
Project("{FAE04EC0-301F-11D3-BF4B-00C04F79EFBC}") = "Decorator", "Decorator\Decorator.csproj", "{C217451E-76FC-42CA-9784-38E23AB8318B}"
EndProject
Project("{FAE04EC0-301F-11D3-BF4B-00C04F79EFBC}") = "Strategy", "Strategy\Strategy.csproj", "{952B7558-FA2C-42C1-949F-50DEF2D8E946}"
EndProject
Project("{FAE04EC0-301F-11D3-BF4B-00C04F79EFBC}") = "Observer", "Observer\Observer.csproj", "{FAFE5C8B-0417-4DAC-8C64-04FBD5DABE48}"
EndProject
Project("{FAE04EC0-301F-11D3-BF4B-00C04F79EFBC}") = "State", "State\State.csproj", "{BD8A55EB-0A74-4550-A966-3D79AFCE71D2}"
EndProject
Project("{FAE04EC0-301F-11D3-BF4B-00C04F79EFBC}") = "ChainOfResponsibility", "ChainOfResponsibility\ChainOfResponsibility.csproj", "{BA01E7F0-33FA-42D2-9170-3A178AE10C7D}"
EndProject
Project("{FAE04EC0-301F-11D3-BF4B-00C04F79EFBC}") = "Mediator", "Mediator\Mediator.csproj", "{E1CD9BFC-9923-4366-B783-E4C62018024E}"
EndProject
Project("{FAE04EC0-301F-11D3-BF4B-00C04F79EFBC}") = "Visitor", "Visitor\Visitor.csproj", "{BA2CB234-DA0A-4DCE-8682-64E5DD6EEBB5}"
EndProject
Project("{FAE04EC0-301F-11D3-BF4B-00C04F79EFBC}") = "Facade", "Facade\Facade.csproj", "{0A1AD973-6E32-4EA5-83EF-C0B95EDC3BD9}"
EndProject
Project("{FAE04EC0-301F-11D3-BF4B-00C04F79EFBC}") = "Composite", "Composite\Composite.csproj", "{483FB980-B7E0-4A0E-B424-CDBFC2D8E5C2}"
EndProject
Project("{FAE04EC0-301F-11D3-BF4B-00C04F79EFBC}") = "Bridge", "Bridge\Bridge.csproj", "{C7A28EE4-EC05-423A-B3F6-FDD572C83646}"
EndProject
Global
	GlobalSection(SolutionConfigurationPlatforms) = preSolution
		Debug|Any CPU = Debug|Any CPU
		Release|Any CPU = Release|Any CPU
	EndGlobalSection
	GlobalSection(ProjectConfigurationPlatforms) = postSolution
		{76350573-88A4-4F55-BB1C-F16ADBDBED3A}.Debug|Any CPU.ActiveCfg = Debug|Any CPU
		{76350573-88A4-4F55-BB1C-F16ADBDBED3A}.Debug|Any CPU.Build.0 = Debug|Any CPU
		{76350573-88A4-4F55-BB1C-F16ADBDBED3A}.Release|Any CPU.ActiveCfg = Release|Any CPU
		{76350573-88A4-4F55-BB1C-F16ADBDBED3A}.Release|Any CPU.Build.0 = Release|Any CPU
		{A5347A36-B6EF-4627-8146-7F0F15D274DE}.Debug|Any CPU.ActiveCfg = Debug|Any CPU
		{A5347A36-B6EF-4627-8146-7F0F15D274DE}.Debug|Any CPU.Build.0 = Debug|Any CPU
		{A5347A36-B6EF-4627-8146-7F0F15D274DE}.Release|Any CPU.ActiveCfg = Release|Any CPU
		{A5347A36-B6EF-4627-8146-7F0F15D274DE}.Release|Any CPU.Build.0 = Release|Any CPU
		{3805A270-5311-4753-9B86-65E481960479}.Debug|Any CPU.ActiveCfg = Debug|Any CPU
		{3805A270-5311-4753-9B86-65E481960479}.Debug|Any CPU.Build.0 = Debug|Any CPU
		{3805A270-5311-4753-9B86-65E481960479}.Release|Any CPU.ActiveCfg = Release|Any CPU
		{3805A270-5311-4753-9B86-65E481960479}.Release|Any CPU.Build.0 = Release|Any CPU
		{826F6532-C9B4-4B20-A6F8-03745A72CE33}.Debug|Any CPU.ActiveCfg = Debug|Any CPU
		{826F6532-C9B4-4B20-A6F8-03745A72CE33}.Debug|Any CPU.Build.0 = Debug|Any CPU
		{826F6532-C9B4-4B20-A6F8-03745A72CE33}.Release|Any CPU.ActiveCfg = Release|Any CPU
		{826F6532-C9B4-4B20-A6F8-03745A72CE33}.Release|Any CPU.Build.0 = Release|Any CPU
		{C217451E-76FC-42CA-9784-38E23AB8318B}.Debug|Any CPU.ActiveCfg = Debug|Any CPU
		{C217451E-76FC-42CA-9784-38E23AB8318B}.Debug|Any CPU.Build.0 = Debug|Any CPU
		{C217451E-76FC-42CA-9784-38E23AB8318B}.Release|Any CPU.ActiveCfg = Release|Any CPU
		{C217451E-76FC-42CA-9784-38E23AB8318B}.Release|Any CPU.Build.0 = Release|Any CPU
		{952B7558-FA2C-42C1-949F-50DEF2D8E946}.Debug|Any CPU.ActiveCfg = Debug|Any CPU
		{952B7558-FA2C-42C1-949F-50DEF2D8E946}.Debug|Any CPU.Build.0 = Debug|Any CPU
		{952B7558-FA2C-42C1-949F-50DEF2D8E946}.Release|Any CPU.ActiveCfg = Release|Any CPU
		{952B7558-FA2C-42C1-949F-50DEF2D8E946}.Release|Any CPU.Build.0 = Release|Any CPU
		{FAFE5C8B-0417-4DAC-8C64-04FBD5DABE48}.Debug|Any CPU.ActiveCfg = Debug|Any CPU
		{FAFE5C8B-0417-4DAC-8C64-04FBD5DABE48}.Debug|Any CPU.Build.0 = Debug|Any CPU
		{FAFE5C8B-0417-4DAC-8C64-04FBD5DABE48}.Release|Any CPU.ActiveCfg = Release|Any CPU
		{FAFE5C8B-0417-4DAC-8C64-04FBD5DABE48}.Release|Any CPU.Build.0 = Release|Any CPU
		{BD8A55EB-0A74-4550-A966-3D79AFCE71D2}.Debug|Any CPU.ActiveCfg = Debug|Any CPU
		{BD8A55EB-0A74-4550-A966-3D79AFCE71D2}.Debug|Any CPU.Build.0 = Debug|Any CPU
		{BD8A55EB-0A74-4550-A966-3D79AFCE71D2}.Release|Any CPU.ActiveCfg = Release|Any CPU
		{BD8A55EB-0A74-4550-A966-3D79AFCE71D2}.Release|Any CPU.Build.0 = Release|Any CPU
		{BA01E7F0-33FA-42D2-9170-3A178AE10C7D}.Debug|Any CPU.ActiveCfg = Debug|Any CPU
		{BA01E7F0-33FA-42D2-9170-3A178AE10C7D}.Debug|Any CPU.Build.0 = Debug|Any CPU
		{BA01E7F0-33FA-42D2-9170-3A178AE10C7D}.Release|Any CPU.ActiveCfg = Release|Any CPU
		{BA01E7F0-33FA-42D2-9170-3A178AE10C7D}.Release|Any CPU.Build.0 = Release|Any CPU
		{E1CD9BFC-9923-4366-B783-E4C62018024E}.Debug|Any CPU.ActiveCfg = Debug|Any CPU
		{E1CD9BFC-9923-4366-B783-E4C62018024E}.Debug|Any CPU.Build.0 = Debug|Any CPU
		{E1CD9BFC-9923-4366-B783-E4C62018024E}.Release|Any CPU.ActiveCfg = Release|Any CPU
		{E1CD9BFC-9923-4366-B783-E4C62018024E}.Release|Any CPU.Build.0 = Release|Any CPU
		{BA2CB234-DA0A-4DCE-8682-64E5DD6EEBB5}.Debug|Any CPU.ActiveCfg = Debug|Any CPU
		{BA2CB234-DA0A-4DCE-8682-64E5DD6EEBB5}.Debug|Any CPU.Build.0 = Debug|Any CPU
		{BA2CB234-DA0A-4DCE-8682-64E5DD6EEBB5}.Release|Any CPU.ActiveCfg = Release|Any CPU
		{BA2CB234-DA0A-4DCE-8682-64E5DD6EEBB5}.Release|Any CPU.Build.0 = Release|Any CPU
		{0A1AD973-6E32-4EA5-83EF-C0B95EDC3BD9}.Debug|Any CPU.ActiveCfg = Debug|Any CPU
		{0A1AD973-6E32-4EA5-83EF-C0B95EDC3BD9}.Debug|Any CPU.Build.0 = Debug|Any CPU
		{0A1AD973-6E32-4EA5-83EF-C0B95EDC3BD9}.Release|Any CPU.ActiveCfg = Release|Any CPU
		{0A1AD973-6E32-4EA5-83EF-C0B95EDC3BD9}.Release|Any CPU.Build.0 = Release|Any CPU
		{483FB980-B7E0-4A0E-B424-CDBFC2D8E5C2}.Debug|Any CPU.ActiveCfg = Debug|Any CPU
		{483FB980-B7E0-4A0E-B424-CDBFC2D8E5C2}.Debug|Any CPU.Build.0 = Debug|Any CPU
		{483FB980-B7E0-4A0E-B424-CDBFC2D8E5C2}.Release|Any CPU.ActiveCfg = Release|Any CPU
		{483FB980-B7E0-4A0E-B424-CDBFC2D8E5C2}.Release|Any CPU.Build.0 = Release|Any CPU
		{C7A28EE4-EC05-423A-B3F6-FDD572C83646}.Debug|Any CPU.ActiveCfg = Debug|Any CPU
		{C7A28EE4-EC05-423A-B3F6-FDD572C83646}.Debug|Any CPU.Build.0 = Debug|Any CPU
		{C7A28EE4-EC05-423A-B3F6-FDD572C83646}.Release|Any CPU.ActiveCfg = Release|Any CPU
		{C7A28EE4-EC05-423A-B3F6-FDD572C83646}.Release|Any CPU.Build.0 = Release|Any CPU
	EndGlobalSection
EndGlobal
